<Solution>
  <Folder Name="/src/">
    <Project Path="src/ATC.DashboardApi/ATC.DashboardApi.csproj" />
    <Project Path="src/ATC.Shared/ATC.Shared.csproj" />
    <Project Path="src/ATC.TelemetryProducer/ATC.TelemetryProducer.csproj" />
    <Project Path="src/ATC.TrackingEngine/ATC.TrackingEngine.csproj" />
  </Folder>
</Solution>
